{
  "name": "src",
  "version": "0.1.0",
  "lockfileVersion": 1,
  "requires": true,
  "dependencies": {
    "@aws-cdk/assets": {
      "version": "1.1.0",
      "resolved": "https://herofi.jfrog.io/herofi/api/npm/npm/@aws-cdk/assets/-/assets-1.1.0.tgz",
      "integrity": "sha1-Y3NElcBL+X6HvedrqbLUxY/EyqQ=",
      "requires": {
        "@aws-cdk/core": "^1.1.0",
        "@aws-cdk/cx-api": "^1.1.0",
        "minimatch": "^3.0.4"
      },
      "dependencies": {
        "minimatch": {
          "version": "3.0.4",
          "bundled": true,
          "requires": {
            "brace-expansion": "^1.1.7"
          },
          "dependencies": {
            "balanced-match": {
              "version": "1.0.0",
              "bundled": true
            },
            "brace-expansion": {
              "version": "1.1.11",
              "bundled": true,
              "requires": {
                "balanced-match": "^1.0.0",
                "concat-map": "0.0.1"
              }
            },
            "concat-map": {
              "version": "0.0.1",
              "bundled": true
            }
          }
        }
      }
    },
    "@aws-cdk/aws-cloudwatch": {
      "version": "1.1.0",
      "resolved": "https://herofi.jfrog.io/herofi/api/npm/npm/@aws-cdk/aws-cloudwatch/-/aws-cloudwatch-1.1.0.tgz",
      "integrity": "sha1-2+VnBRI+KTH4jr2YkvF2er16YBw=",
      "requires": {
        "@aws-cdk/aws-iam": "^1.1.0",
        "@aws-cdk/core": "^1.1.0"
      }
    },
    "@aws-cdk/aws-ec2": {
      "version": "1.1.0",
      "resolved": "https://herofi.jfrog.io/herofi/api/npm/npm/@aws-cdk/aws-ec2/-/aws-ec2-1.1.0.tgz",
      "integrity": "sha1-2a0yaTt7+A/bnkyhn8BzBk5YKrE=",
      "requires": {
        "@aws-cdk/aws-cloudwatch": "^1.1.0",
        "@aws-cdk/aws-iam": "^1.1.0",
        "@aws-cdk/aws-ssm": "^1.1.0",
        "@aws-cdk/core": "^1.1.0",
        "@aws-cdk/cx-api": "^1.1.0"
      }
    },
    "@aws-cdk/aws-events": {
      "version": "1.1.0",
      "resolved": "https://herofi.jfrog.io/herofi/api/npm/npm/@aws-cdk/aws-events/-/aws-events-1.1.0.tgz",
      "integrity": "sha1-fucdCAhOtTYiRw4JWdKf7LXlWyo=",
      "requires": {
        "@aws-cdk/aws-iam": "^1.1.0",
        "@aws-cdk/core": "^1.1.0"
      }
    },
    "@aws-cdk/aws-iam": {
      "version": "1.1.0",
      "resolved": "https://herofi.jfrog.io/herofi/api/npm/npm/@aws-cdk/aws-iam/-/aws-iam-1.1.0.tgz",
      "integrity": "sha1-1Q7aUnbkcwsgcZHE+WHZ/+c0G7g=",
      "requires": {
        "@aws-cdk/core": "^1.1.0",
        "@aws-cdk/region-info": "^1.1.0"
      }
    },
    "@aws-cdk/aws-kms": {
      "version": "1.1.0",
      "resolved": "https://herofi.jfrog.io/herofi/api/npm/npm/@aws-cdk/aws-kms/-/aws-kms-1.1.0.tgz",
      "integrity": "sha1-fEkXoZwvl36uMPiRS03dMduw2R0=",
      "requires": {
        "@aws-cdk/aws-iam": "^1.1.0",
        "@aws-cdk/core": "^1.1.0"
      }
    },
    "@aws-cdk/aws-lambda": {
      "version": "1.1.0",
      "resolved": "https://herofi.jfrog.io/herofi/api/npm/npm/@aws-cdk/aws-lambda/-/aws-lambda-1.1.0.tgz",
      "integrity": "sha1-LinpFzwf4uhxeT84QWtOO5Ulk1M=",
      "requires": {
        "@aws-cdk/aws-cloudwatch": "^1.1.0",
        "@aws-cdk/aws-ec2": "^1.1.0",
        "@aws-cdk/aws-events": "^1.1.0",
        "@aws-cdk/aws-iam": "^1.1.0",
        "@aws-cdk/aws-logs": "^1.1.0",
        "@aws-cdk/aws-s3": "^1.1.0",
        "@aws-cdk/aws-s3-assets": "^1.1.0",
        "@aws-cdk/aws-sqs": "^1.1.0",
        "@aws-cdk/core": "^1.1.0",
        "@aws-cdk/cx-api": "^1.1.0"
      }
    },
    "@aws-cdk/aws-logs": {
      "version": "1.1.0",
      "resolved": "https://herofi.jfrog.io/herofi/api/npm/npm/@aws-cdk/aws-logs/-/aws-logs-1.1.0.tgz",
      "integrity": "sha1-uTCY2PIPkU+ruHlIHgG474U7X8E=",
      "requires": {
        "@aws-cdk/aws-cloudwatch": "^1.1.0",
        "@aws-cdk/aws-iam": "^1.1.0",
        "@aws-cdk/core": "^1.1.0"
      }
    },
    "@aws-cdk/aws-s3": {
      "version": "1.1.0",
      "resolved": "https://herofi.jfrog.io/herofi/api/npm/npm/@aws-cdk/aws-s3/-/aws-s3-1.1.0.tgz",
      "integrity": "sha1-PLp6iuiQJ+oX4z2+MkYyYo4K6rg=",
      "requires": {
        "@aws-cdk/aws-events": "^1.1.0",
        "@aws-cdk/aws-iam": "^1.1.0",
        "@aws-cdk/aws-kms": "^1.1.0",
        "@aws-cdk/core": "^1.1.0"
      }
    },
    "@aws-cdk/aws-s3-assets": {
      "version": "1.1.0",
      "resolved": "https://herofi.jfrog.io/herofi/api/npm/npm/@aws-cdk/aws-s3-assets/-/aws-s3-assets-1.1.0.tgz",
      "integrity": "sha1-9703Ksw7T+H81+vCsIfOsohCTzw=",
      "requires": {
        "@aws-cdk/assets": "^1.1.0",
        "@aws-cdk/aws-iam": "^1.1.0",
        "@aws-cdk/aws-s3": "^1.1.0",
        "@aws-cdk/core": "^1.1.0",
        "@aws-cdk/cx-api": "^1.1.0"
      }
    },
    "@aws-cdk/aws-sns": {
      "version": "1.1.0",
      "resolved": "https://herofi.jfrog.io/herofi/api/npm/npm/@aws-cdk/aws-sns/-/aws-sns-1.1.0.tgz",
      "integrity": "sha1-5qPVbZijlNe301sMXLRWGUVim2A=",
      "requires": {
        "@aws-cdk/aws-cloudwatch": "^1.1.0",
        "@aws-cdk/aws-events": "^1.1.0",
        "@aws-cdk/aws-iam": "^1.1.0",
        "@aws-cdk/core": "^1.1.0"
      }
    },
    "@aws-cdk/aws-sns-subscriptions": {
      "version": "1.1.0",
      "resolved": "https://herofi.jfrog.io/herofi/api/npm/npm/@aws-cdk/aws-sns-subscriptions/-/aws-sns-subscriptions-1.1.0.tgz",
      "integrity": "sha1-lGpPlFmNTiuFBfS1ZHjInvlNWXc=",
      "requires": {
        "@aws-cdk/aws-iam": "^1.1.0",
        "@aws-cdk/aws-lambda": "^1.1.0",
        "@aws-cdk/aws-sns": "^1.1.0",
        "@aws-cdk/aws-sqs": "^1.1.0",
        "@aws-cdk/core": "^1.1.0"
      }
    },
    "@aws-cdk/aws-sqs": {
      "version": "1.1.0",
      "resolved": "https://herofi.jfrog.io/herofi/api/npm/npm/@aws-cdk/aws-sqs/-/aws-sqs-1.1.0.tgz",
      "integrity": "sha1-qh8OSyG5g6KzCNDdeWZEF07zBiI=",
      "requires": {
        "@aws-cdk/aws-cloudwatch": "^1.1.0",
        "@aws-cdk/aws-iam": "^1.1.0",
        "@aws-cdk/aws-kms": "^1.1.0",
        "@aws-cdk/core": "^1.1.0"
      }
    },
    "@aws-cdk/aws-ssm": {
      "version": "1.1.0",
      "resolved": "https://herofi.jfrog.io/herofi/api/npm/npm/@aws-cdk/aws-ssm/-/aws-ssm-1.1.0.tgz",
      "integrity": "sha1-aybbTo9a0+X8r7grlSY+J0wCKVU=",
      "requires": {
        "@aws-cdk/aws-iam": "^1.1.0",
        "@aws-cdk/core": "^1.1.0",
        "@aws-cdk/cx-api": "^1.1.0"
      }
    },
    "@aws-cdk/core": {
      "version": "1.1.0",
      "resolved": "https://herofi.jfrog.io/herofi/api/npm/npm/@aws-cdk/core/-/core-1.1.0.tgz",
      "integrity": "sha1-yEcZsGdQ0UKVqBzZDhJ8gVcyoPY=",
      "requires": {
        "@aws-cdk/cx-api": "^1.1.0"
      }
    },
    "@aws-cdk/cx-api": {
      "version": "1.1.0",
      "resolved": "https://herofi.jfrog.io/herofi/api/npm/npm/@aws-cdk/cx-api/-/cx-api-1.1.0.tgz",
      "integrity": "sha1-uzzZCCEle/DejqWqy3babmAfZU8=",
      "requires": {
        "semver": "^6.1.1"
      },
      "dependencies": {
        "semver": {
          "version": "6.2.0",
          "bundled": true
        }
      }
    },
    "@aws-cdk/region-info": {
      "version": "1.1.0",
      "resolved": "https://herofi.jfrog.io/herofi/api/npm/npm/@aws-cdk/region-info/-/region-info-1.1.0.tgz",
      "integrity": "sha1-vZKETcbaJL2Pf9AwWuUhJBXEIcM="
    },
    "@types/node": {
      "version": "8.10.45",
      "resolved": "https://herofi.jfrog.io/herofi/api/npm/npm/@types/node/-/node-8.10.45.tgz",
      "integrity": "sha1-TEm6NBBrx9ztd/9rro62VDzeg1E=",
      "dev": true
    },
    "aws-cdk": {
      "version": "1.174.0",
      "resolved": "https://registry.npmjs.org/aws-cdk/-/aws-cdk-1.174.0.tgz",
      "integrity": "sha512-cAnJ1vx8p0sFoHR5IP4YKd4l3lN7s9Y7+umwb4eNgWr+XSgUbuYiJgS/FD57hIbHN1uoBih3QAE0RA62LVJSFw==",
      "dev": true,
      "requires": {
        "fsevents": "2.3.2"
      }
    },
    "fsevents": {
      "version": "2.3.2",
      "resolved": "https://registry.npmjs.org/fsevents/-/fsevents-2.3.2.tgz",
      "integrity": "sha512-xiqMQR4xAeHTuB9uWm+fFRcIOgKBMiOBP+eXiyT7jsgVCq1bkVygt00oASowB7EdtpOHaaPgKt812P9ab+DDKA==",
      "dev": true,
      "optional": true
    },
    "typescript": {
      "version": "3.5.3",
      "resolved": "https://herofi.jfrog.io/herofi/api/npm/npm/typescript/-/typescript-3.5.3.tgz",
      "integrity": "sha1-yDD2V/k/HqhGgZ6SkJL1/lmD6Xc=",
      "dev": true
    }
  }
}
